
Microsoft Visual Studio Solution File, Format Version 12.00
# Visual Studio Version 16
VisualStudioVersion = 16.0.31205.134
MinimumVisualStudioVersion = 10.0.40219.1
Project("{FAE04EC0-301F-11D3-BF4B-00C04F79EFBC}") = "AuotMapper", "AuotMapper\AuotMapper.csproj", "{5540526B-88E3-4CC2-9644-A949D1EA8639}"
EndProject
Global
	GlobalSection(SolutionConfigurationPlatforms) = preSolution
		Debug|Any CPU = Debug|Any CPU
		Release|Any CPU = Release|Any CPU
	EndGlobalSection
	GlobalSection(ProjectConfigurationPlatforms) = postSolution
		{5540526B-88E3-4CC2-9644-A949D1EA8639}.Debug|Any CPU.ActiveCfg = Debug|Any CPU
		{5540526B-88E3-4CC2-9644-A949D1EA8639}.Debug|Any CPU.Build.0 = Debug|Any CPU
		{5540526B-88E3-4CC2-9644-A949D1EA8639}.Release|Any CPU.ActiveCfg = Release|Any CPU
		{5540526B-88E3-4CC2-9644-A949D1EA8639}.Release|Any CPU.Build.0 = Release|Any CPU
	EndGlobalSection
	GlobalSection(SolutionProperties) = preSolution
		HideSolutionNode = FALSE
	EndGlobalSection
	GlobalSection(ExtensibilityGlobals) = postSolution
		SolutionGuid = {7228E1D1-D658-4EFE-8D6A-E0675D349DFA}
	EndGlobalSection
EndGlobal
